{
  "name": "ElmCode",
  "lockfileVersion": 2,
  "requires": true,
  "packages": {
    "": {
      "devDependencies": {
        "elm-data": "github:pravdomil/elm-data",
        "elm-ffi": "github:pravdomil/elm-ffi",
        "elm-utils": "github:pravdomil/elm-utils",
        "pravdomil-ui": "github:pravdomil/pravdomil-ui"
      }
    },
    "node_modules/elm-data": {
      "resolved": "git+ssh://git@github.com/pravdomil/elm-data.git#7effad3f30527522c469f8db61a2f7a378baaa75",
      "dev": true
    },
    "node_modules/elm-ffi": {
      "resolved": "git+ssh://git@github.com/pravdomil/elm-ffi.git#963f10aef4d6eca8e5bc406380e10829ce0102f8",
      "dev": true,
      "bin": {
        "elm-ffi": "bin/elm-ffi"
      }
    },
    "node_modules/elm-utils": {
      "resolved": "git+ssh://git@github.com/pravdomil/elm-utils.git#2246b442d563f915bdcc161dbe94db89f8b745b2",
      "dev": true
    },
    "node_modules/pravdomil-ui": {
      "resolved": "git+ssh://git@github.com/pravdomil/pravdomil-ui.git#42f3f2fb2d58c149235e37d57fb41b907df0d03a",
      "dev": true
    }
  },
  "dependencies": {
    "elm-data": {
      "version": "git+ssh://git@github.com/pravdomil/elm-data.git#7effad3f30527522c469f8db61a2f7a378baaa75",
      "dev": true,
      "from": "elm-data@github:pravdomil/elm-data"
    },
    "elm-ffi": {
      "version": "git+ssh://git@github.com/pravdomil/elm-ffi.git#963f10aef4d6eca8e5bc406380e10829ce0102f8",
      "dev": true,
      "from": "elm-ffi@github:pravdomil/elm-ffi"
    },
    "elm-utils": {
      "version": "git+ssh://git@github.com/pravdomil/elm-utils.git#2246b442d563f915bdcc161dbe94db89f8b745b2",
      "dev": true,
      "from": "elm-utils@github:pravdomil/elm-utils"
    },
    "pravdomil-ui": {
      "version": "git+ssh://git@github.com/pravdomil/pravdomil-ui.git#42f3f2fb2d58c149235e37d57fb41b907df0d03a",
      "dev": true,
      "from": "pravdomil-ui@github:pravdomil/pravdomil-ui"
    }
  }
}
